// !$*UTF8*$!
{
	archiveVersion = 1;
	classes = {
	};
	objectVersion = 46;
	objects = {

/* Begin PBXBuildFile section */
		55099A1D1D2A462F46563CCD /* libPods.a in Frameworks */ = {isa = PBXBuildFile; fileRef = B712EAFA8A1886B0D325CE1D /* libPods.a */; };
		743850A61CFC2A7C00A3A807 /* FeedViewController.m in Sources */ = {isa = PBXBuildFile; fileRef = 743850A51CFC2A7C00A3A807 /* FeedViewController.m */; };
		743850A91CFC3D1300A3A807 /* BasicCell.m in Sources */ = {isa = PBXBuildFile; fileRef = 743850A81CFC3D1300A3A807 /* BasicCell.m */; };
		743850AC1CFC3EA500A3A807 /* ImageCell.m in Sources */ = {isa = PBXBuildFile; fileRef = 743850AB1CFC3EA500A3A807 /* ImageCell.m */; };
		743850AF1CFC8A4F00A3A807 /* DetailViewController.m in Sources */ = {isa = PBXBuildFile; fileRef = 743850AE1CFC8A4F00A3A807 /* DetailViewController.m */; };
		74D6689B1CFC1B6700BACA60 /* main.m in Sources */ = {isa = PBXBuildFile; fileRef = 74D6689A1CFC1B6700BACA60 /* main.m */; };
		74D6689E1CFC1B6700BACA60 /* AppDelegate.m in Sources */ = {isa = PBXBuildFile; fileRef = 74D6689D1CFC1B6700BACA60 /* AppDelegate.m */; };
		74D668A41CFC1B6700BACA60 /* Main.storyboard in Resources */ = {isa = PBXBuildFile; fileRef = 74D668A21CFC1B6700BACA60 /* Main.storyboard */; };
		74D668A61CFC1B6700BACA60 /* Assets.xcassets in Resources */ = {isa = PBXBuildFile; fileRef = 74D668A51CFC1B6700BACA60 /* Assets.xcassets */; };
		74D668A91CFC1B6700BACA60 /* LaunchScreen.storyboard in Resources */ = {isa = PBXBuildFile; fileRef = 74D668A71CFC1B6700BACA60 /* LaunchScreen.storyboard */; };
		74D668B41CFC1B6700BACA60 /* TableViewDemoTests.m in Sources */ = {isa = PBXBuildFile; fileRef = 74D668B31CFC1B6700BACA60 /* TableViewDemoTests.m */; };
		74D668BF1CFC1B6700BACA60 /* TableViewDemoUITests.m in Sources */ = {isa = PBXBuildFile; fileRef = 74D668BE1CFC1B6700BACA60 /* TableViewDemoUITests.m */; };
/* End PBXBuildFile section */

/* Begin PBXContainerItemProxy section */
		74D668B01CFC1B6700BACA60 /* PBXContainerItemProxy */ = {
			isa = PBXContainerItemProxy;
			containerPortal = 74D6688E1CFC1B6700BACA60 /* Project object */;
			proxyType = 1;
			remoteGlobalIDString = 74D668951CFC1B6700BACA60;
			remoteInfo = TableViewDemo;
		};
		74D668BB1CFC1B6700BACA60 /* PBXContainerItemProxy */ = {
			isa = PBXContainerItemProxy;
			containerPortal = 74D6688E1CFC1B6700BACA60 /* Project object */;
			proxyType = 1;
			remoteGlobalIDString = 74D668951CFC1B6700BACA60;
			remoteInfo = TableViewDemo;
		};
/* End PBXContainerItemProxy section */

/* Begin PBXFileReference section */
		357B16448C99B1360AD5B36E /* Pods.debug.xcconfig */ = {isa = PBXFileReference; includeInIndex = 1; lastKnownFileType = text.xcconfig; name = Pods.debug.xcconfig; path = "Pods/Target Support Files/Pods/Pods.debug.xcconfig"; sourceTree = "<group>"; };
		743850A41CFC2A7C00A3A807 /* FeedViewController.h */ = {isa = PBXFileReference; fileEncoding = 4; lastKnownFileType = sourcecode.c.h; path = FeedViewController.h; sourceTree = "<group>"; };
		743850A51CFC2A7C00A3A807 /* FeedViewController.m */ = {isa = PBXFileReference; fileEncoding = 4; lastKnownFileType = sourcecode.c.objc; path = FeedViewController.m; sourceTree = "<group>"; };
		743850A71CFC3D1300A3A807 /* BasicCell.h */ = {isa = PBXFileReference; fileEncoding = 4; lastKnownFileType = sourcecode.c.h; path = BasicCell.h; sourceTree = "<group>"; };
		743850A81CFC3D1300A3A807 /* BasicCell.m */ = {isa = PBXFileReference; fileEncoding = 4; lastKnownFileType = sourcecode.c.objc; path = BasicCell.m; sourceTree = "<group>"; };
		743850AA1CFC3EA500A3A807 /* ImageCell.h */ = {isa = PBXFileReference; fileEncoding = 4; lastKnownFileType = sourcecode.c.h; path = ImageCell.h; sourceTree = "<group>"; };
		743850AB1CFC3EA500A3A807 /* ImageCell.m */ = {isa = PBXFileReference; fileEncoding = 4; lastKnownFileType = sourcecode.c.objc; path = ImageCell.m; sourceTree = "<group>"; };
		743850AD1CFC8A4F00A3A807 /* DetailViewController.h */ = {isa = PBXFileReference; fileEncoding = 4; lastKnownFileType = sourcecode.c.h; path = DetailViewController.h; sourceTree = "<group>"; };
		743850AE1CFC8A4F00A3A807 /* DetailViewController.m */ = {isa = PBXFileReference; fileEncoding = 4; lastKnownFileType = sourcecode.c.objc; path = DetailViewController.m; sourceTree = "<group>"; };
		74D668961CFC1B6700BACA60 /* TableViewDemo.app */ = {isa = PBXFileReference; explicitFileType = wrapper.application; includeInIndex = 0; path = TableViewDemo.app; sourceTree = BUILT_PRODUCTS_DIR; };
		74D6689A1CFC1B6700BACA60 /* main.m */ = {isa = PBXFileReference; lastKnownFileType = sourcecode.c.objc; path = main.m; sourceTree = "<group>"; };
		74D6689C1CFC1B6700BACA60 /* AppDelegate.h */ = {isa = PBXFileReference; lastKnownFileType = sourcecode.c.h; path = AppDelegate.h; sourceTree = "<group>"; };
		74D6689D1CFC1B6700BACA60 /* AppDelegate.m */ = {isa = PBXFileReference; lastKnownFileType = sourcecode.c.objc; path = AppDelegate.m; sourceTree = "<group>"; };
		74D668A31CFC1B6700BACA60 /* Base */ = {isa = PBXFileReference; lastKnownFileType = file.storyboard; name = Base; path = Base.lproj/Main.storyboard; sourceTree = "<group>"; };
		74D668A51CFC1B6700BACA60 /* Assets.xcassets */ = {isa = PBXFileReference; lastKnownFileType = folder.assetcatalog; path = Assets.xcassets; sourceTree = "<group>"; };
		74D668A81CFC1B6700BACA60 /* Base */ = {isa = PBXFileReference; lastKnownFileType = file.storyboard; name = Base; path = Base.lproj/LaunchScreen.storyboard; sourceTree = "<group>"; };
		74D668AA1CFC1B6700BACA60 /* Info.plist */ = {isa = PBXFileReference; lastKnownFileType = text.plist.xml; path = Info.plist; sourceTree = "<group>"; };
		74D668AF1CFC1B6700BACA60 /* TableViewDemoTests.xctest */ = {isa = PBXFileReference; explicitFileType = wrapper.cfbundle; includeInIndex = 0; path = TableViewDemoTests.xctest; sourceTree = BUILT_PRODUCTS_DIR; };
		74D668B31CFC1B6700BACA60 /* TableViewDemoTests.m */ = {isa = PBXFileReference; lastKnownFileType = sourcecode.c.objc; path = TableViewDemoTests.m; sourceTree = "<group>"; };
		74D668B51CFC1B6700BACA60 /* Info.plist */ = {isa = PBXFileReference; lastKnownFileType = text.plist.xml; path = Info.plist; sourceTree = "<group>"; };
		74D668BA1CFC1B6700BACA60 /* TableViewDemoUITests.xctest */ = {isa = PBXFileReference; explicitFileType = wrapper.cfbundle; includeInIndex = 0; path = TableViewDemoUITests.xctest; sourceTree = BUILT_PRODUCTS_DIR; };
		74D668BE1CFC1B6700BACA60 /* TableViewDemoUITests.m */ = {isa = PBXFileReference; lastKnownFileType = sourcecode.c.objc; path = TableViewDemoUITests.m; sourceTree = "<group>"; };
		74D668C01CFC1B6700BACA60 /* Info.plist */ = {isa = PBXFileReference; lastKnownFileType = text.plist.xml; path = Info.plist; sourceTree = "<group>"; };
		8FAF52F0296734F9ECC725DC /* Pods.release.xcconfig */ = {isa = PBXFileReference; includeInIndex = 1; lastKnownFileType = text.xcconfig; name = Pods.release.xcconfig; path = "Pods/Target Support Files/Pods/Pods.release.xcconfig"; sourceTree = "<group>"; };
		B712EAFA8A1886B0D325CE1D /* libPods.a */ = {isa = PBXFileReference; explicitFileType = archive.ar; includeInIndex = 0; path = libPods.a; sourceTree = BUILT_PRODUCTS_DIR; };
/* End PBXFileReference section */

/* Begin PBXFrameworksBuildPhase section */
		74D668931CFC1B6700BACA60 /* Frameworks */ = {
			isa = PBXFrameworksBuildPhase;
			buildActionMask = 2147483647;
			files = (
				55099A1D1D2A462F46563CCD /* libPods.a in Frameworks */,
			);
			runOnlyForDeploymentPostprocessing = 0;
		};
		74D668AC1CFC1B6700BACA60 /* Frameworks */ = {
			isa = PBXFrameworksBuildPhase;
			buildActionMask = 2147483647;
			files = (
			);
			runOnlyForDeploymentPostprocessing = 0;
		};
		74D668B71CFC1B6700BACA60 /* Frameworks */ = {
			isa = PBXFrameworksBuildPhase;
			buildActionMask = 2147483647;
			files = (
			);
			runOnlyForDeploymentPostprocessing = 0;
		};
/* End PBXFrameworksBuildPhase section */

/* Begin PBXGroup section */
		74D6688D1CFC1B6700BACA60 = {
			isa = PBXGroup;
			children = (
				74D668981CFC1B6700BACA60 /* TableViewDemo */,
				74D668B21CFC1B6700BACA60 /* TableViewDemoTests */,
				74D668BD1CFC1B6700BACA60 /* TableViewDemoUITests */,
				74D668971CFC1B6700BACA60 /* Products */,
				7DCCC6136893024E75244533 /* Pods */,
				E63B32ECB31ECA1CF9884569 /* Frameworks */,
			);
			sourceTree = "<group>";
		};
		74D668971CFC1B6700BACA60 /* Products */ = {
			isa = PBXGroup;
			children = (
				74D668961CFC1B6700BACA60 /* TableViewDemo.app */,
				74D668AF1CFC1B6700BACA60 /* TableViewDemoTests.xctest */,
				74D668BA1CFC1B6700BACA60 /* TableViewDemoUITests.xctest */,
			);
			name = Products;
			sourceTree = "<group>";
		};
		74D668981CFC1B6700BACA60 /* TableViewDemo */ = {
			isa = PBXGroup;
			children = (
				74D6689C1CFC1B6700BACA60 /* AppDelegate.h */,
				74D6689D1CFC1B6700BACA60 /* AppDelegate.m */,
				74D668A21CFC1B6700BACA60 /* Main.storyboard */,
				743850A41CFC2A7C00A3A807 /* FeedViewController.h */,
				743850A51CFC2A7C00A3A807 /* FeedViewController.m */,
				743850AD1CFC8A4F00A3A807 /* DetailViewController.h */,
				743850AE1CFC8A4F00A3A807 /* DetailViewController.m */,
				743850AA1CFC3EA500A3A807 /* ImageCell.h */,
				743850AB1CFC3EA500A3A807 /* ImageCell.m */,
				74D668A51CFC1B6700BACA60 /* Assets.xcassets */,
				74D668A71CFC1B6700BACA60 /* LaunchScreen.storyboard */,
				74D668AA1CFC1B6700BACA60 /* Info.plist */,
				74D668991CFC1B6700BACA60 /* Supporting Files */,
				743850A71CFC3D1300A3A807 /* BasicCell.h */,
				743850A81CFC3D1300A3A807 /* BasicCell.m */,
			);
			path = TableViewDemo;
			sourceTree = "<group>";
		};
		74D668991CFC1B6700BACA60 /* Supporting Files */ = {
			isa = PBXGroup;
			children = (
				74D6689A1CFC1B6700BACA60 /* main.m */,
			);
			name = "Supporting Files";
			sourceTree = "<group>";
		};
		74D668B21CFC1B6700BACA60 /* TableViewDemoTests */ = {
			isa = PBXGroup;
			children = (
				74D668B31CFC1B6700BACA60 /* TableViewDemoTests.m */,
				74D668B51CFC1B6700BACA60 /* Info.plist */,
			);
			path = TableViewDemoTests;
			sourceTree = "<group>";
		};
		74D668BD1CFC1B6700BACA60 /* TableViewDemoUITests */ = {
			isa = PBXGroup;
			children = (
				74D668BE1CFC1B6700BACA60 /* TableViewDemoUITests.m */,
				74D668C01CFC1B6700BACA60 /* Info.plist */,
			);
			path = TableViewDemoUITests;
			sourceTree = "<group>";
		};
		7DCCC6136893024E75244533 /* Pods */ = {
			isa = PBXGroup;
			children = (
				357B16448C99B1360AD5B36E /* Pods.debug.xcconfig */,
				8FAF52F0296734F9ECC725DC /* Pods.release.xcconfig */,
			);
			name = Pods;
			sourceTree = "<group>";
		};
		E63B32ECB31ECA1CF9884569 /* Frameworks */ = {
			isa = PBXGroup;
			children = (
				B712EAFA8A1886B0D325CE1D /* libPods.a */,
			);
			name = Frameworks;
			sourceTree = "<group>";
		};
/* End PBXGroup section */

/* Begin PBXNativeTarget section */
		74D668951CFC1B6700BACA60 /* TableViewDemo */ = {
			isa = PBXNativeTarget;
			buildConfigurationList = 74D668C31CFC1B6700BACA60 /* Build configuration list for PBXNativeTarget "TableViewDemo" */;
			buildPhases = (
				0819C70EF26B94B99C5A82F6 /* Check Pods Manifest.lock */,
				74D668921CFC1B6700BACA60 /* Sources */,
				74D668931CFC1B6700BACA60 /* Frameworks */,
				74D668941CFC1B6700BACA60 /* Resources */,
				24B5F83F214A0946C3FE233C /* Embed Pods Frameworks */,
				9F91D775C3FE045A73182C7C /* Copy Pods Resources */,
			);
			buildRules = (
			);
			dependencies = (
			);
			name = TableViewDemo;
			productName = TableViewDemo;
			productReference = 74D668961CFC1B6700BACA60 /* TableViewDemo.app */;
			productType = "com.apple.product-type.application";
		};
		74D668AE1CFC1B6700BACA60 /* TableViewDemoTests */ = {
			isa = PBXNativeTarget;
			buildConfigurationList = 74D668C61CFC1B6700BACA60 /* Build configuration list for PBXNativeTarget "TableViewDemoTests" */;
			buildPhases = (
				74D668AB1CFC1B6700BACA60 /* Sources */,
				74D668AC1CFC1B6700BACA60 /* Frameworks */,
				74D668AD1CFC1B6700BACA60 /* Resources */,
			);
			buildRules = (
			);
			dependencies = (
				74D668B11CFC1B6700BACA60 /* PBXTargetDependency */,
			);
			name = TableViewDemoTests;
			productName = TableViewDemoTests;
			productReference = 74D668AF1CFC1B6700BACA60 /* TableViewDemoTests.xctest */;
			productType = "com.apple.product-type.bundle.unit-test";
		};
		74D668B91CFC1B6700BACA60 /* TableViewDemoUITests */ = {
			isa = PBXNativeTarget;
			buildConfigurationList = 74D668C91CFC1B6700BACA60 /* Build configuration list for PBXNativeTarget "TableViewDemoUITests" */;
			buildPhases = (
				74D668B61CFC1B6700BACA60 /* Sources */,
				74D668B71CFC1B6700BACA60 /* Frameworks */,
				74D668B81CFC1B6700BACA60 /* Resources */,
			);
			buildRules = (
			);
			dependencies = (
				74D668BC1CFC1B6700BACA60 /* PBXTargetDependency */,
			);
			name = TableViewDemoUITests;
			productName = TableViewDemoUITests;
			productReference = 74D668BA1CFC1B6700BACA60 /* TableViewDemoUITests.xctest */;
			productType = "com.apple.product-type.bundle.ui-testing";
		};
/* End PBXNativeTarget section */

/* Begin PBXProject section */
		74D6688E1CFC1B6700BACA60 /* Project object */ = {
			isa = PBXProject;
			attributes = {
				LastUpgradeCheck = 0730;
				ORGANIZATIONNAME = ease;
				TargetAttributes = {
					74D668951CFC1B6700BACA60 = {
						CreatedOnToolsVersion = 7.3.1;
						DevelopmentTeam = C487E4SC5S;
					};
					74D668AE1CFC1B6700BACA60 = {
						CreatedOnToolsVersion = 7.3.1;
						DevelopmentTeam = C487E4SC5S;
						TestTargetID = 74D668951CFC1B6700BACA60;
					};
					74D668B91CFC1B6700BACA60 = {
						CreatedOnToolsVersion = 7.3.1;
						DevelopmentTeam = C487E4SC5S;
						TestTargetID = 74D668951CFC1B6700BACA60;
					};
				};
			};
			buildConfigurationList = 74D668911CFC1B6700BACA60 /* Build configuration list for PBXProject "TableViewDemo" */;
			compatibilityVersion = "Xcode 3.2";
			developmentRegion = English;
			hasScannedForEncodings = 0;
			knownRegions = (
				en,
				Base,
			);
			mainGroup = 74D6688D1CFC1B6700BACA60;
			productRefGroup = 74D668971CFC1B6700BACA60 /* Products */;
			projectDirPath = "";
			projectRoot = "";
			targets = (
				74D668951CFC1B6700BACA60 /* TableViewDemo */,
				74D668AE1CFC1B6700BACA60 /* TableViewDemoTests */,
				74D668B91CFC1B6700BACA60 /* TableViewDemoUITests */,
			);
		};
/* End PBXProject section */

/* Begin PBXResourcesBuildPhase section */
		74D668941CFC1B6700BACA60 /* Resources */ = {
			isa = PBXResourcesBuildPhase;
			buildActionMask = 2147483647;
			files = (
				74D668A91CFC1B6700BACA60 /* LaunchScreen.storyboard in Resources */,
				74D668A61CFC1B6700BACA60 /* Assets.xcassets in Resources */,
				74D668A41CFC1B6700BACA60 /* Main.storyboard in Resources */,
			);
			runOnlyForDeploymentPostprocessing = 0;
		};
		74D668AD1CFC1B6700BACA60 /* Resources */ = {
			isa = PBXResourcesBuildPhase;
			buildActionMask = 2147483647;
			files = (
			);
			runOnlyForDeploymentPostprocessing = 0;
		};
		74D668B81CFC1B6700BACA60 /* Resources */ = {
			isa = PBXResourcesBuildPhase;
			buildActionMask = 2147483647;
			files = (
			);
			runOnlyForDeploymentPostprocessing = 0;
		};
/* End PBXResourcesBuildPhase section */

/* Begin PBXShellScriptBuildPhase section */
		0819C70EF26B94B99C5A82F6 /* Check Pods Manifest.lock */ = {
			isa = PBXShellScriptBuildPhase;
			buildActionMask = 2147483647;
			files = (
			);
			inputPaths = (
			);
			name = "Check Pods Manifest.lock";
			outputPaths = (
			);
			runOnlyForDeploymentPostprocessing = 0;
			shellPath = /bin/sh;
			shellScript = "diff \"${PODS_ROOT}/../Podfile.lock\" \"${PODS_ROOT}/Manifest.lock\" > /dev/null\nif [[ $? != 0 ]] ; then\n    cat << EOM\nerror: The sandbox is not in sync with the Podfile.lock. Run 'pod install' or update your CocoaPods installation.\nEOM\n    exit 1\nfi\n";
			showEnvVarsInLog = 0;
		};
		24B5F83F214A0946C3FE233C /* Embed Pods Frameworks */ = {
			isa = PBXShellScriptBuildPhase;
			buildActionMask = 2147483647;
			files = (
			);
			inputPaths = (
			);
			name = "Embed Pods Frameworks";
			outputPaths = (
			);
			runOnlyForDeploymentPostprocessing = 0;
			shellPath = /bin/sh;
			shellScript = "\"${SRCROOT}/Pods/Target Support Files/Pods/Pods-frameworks.sh\"\n";
			showEnvVarsInLog = 0;
		};
		9F91D775C3FE045A73182C7C /* Copy Pods Resources */ = {
			isa = PBXShellScriptBuildPhase;
			buildActionMask = 2147483647;
			files = (
			);
			inputPaths = (
			);
			name = "Copy Pods Resources";
			outputPaths = (
			);
			runOnlyForDeploymentPostprocessing = 0;
			shellPath = /bin/sh;
			shellScript = "\"${SRCROOT}/Pods/Target Support Files/Pods/Pods-resources.sh\"\n";
			showEnvVarsInLog = 0;
		};
/* End PBXShellScriptBuildPhase section */

/* Begin PBXSourcesBuildPhase section */
		74D668921CFC1B6700BACA60 /* Sources */ = {
			isa = PBXSourcesBuildPhase;
			buildActionMask = 2147483647;
			files = (
				743850A91CFC3D1300A3A807 /* BasicCell.m in Sources */,
				743850AC1CFC3EA500A3A807 /* ImageCell.m in Sources */,
				74D6689E1CFC1B6700BACA60 /* AppDelegate.m in Sources */,
				743850A61CFC2A7C00A3A807 /* FeedViewController.m in Sources */,
				74D6689B1CFC1B6700BACA60 /* main.m in Sources */,
				743850AF1CFC8A4F00A3A807 /* DetailViewController.m in Sources */,
			);
			runOnlyForDeploymentPostprocessing = 0;
		};
		74D668AB1CFC1B6700BACA60 /* Sources */ = {
			isa = PBXSourcesBuildPhase;
			buildActionMask = 2147483647;
			files = (
				74D668B41CFC1B6700BACA60 /* TableViewDemoTests.m in Sources */,
			);
			runOnlyForDeploymentPostprocessing = 0;
		};
		74D668B61CFC1B6700BACA60 /* Sources */ = {
			isa = PBXSourcesBuildPhase;
			buildActionMask = 2147483647;
			files = (
				74D668BF1CFC1B6700BACA60 /* TableViewDemoUITests.m in Sources */,
			);
			runOnlyForDeploymentPostprocessing = 0;
		};
/* End PBXSourcesBuildPhase section */

/* Begin PBXTargetDependency section */
		74D668B11CFC1B6700BACA60 /* PBXTargetDependency */ = {
			isa = PBXTargetDependency;
			target = 74D668951CFC1B6700BACA60 /* TableViewDemo */;
			targetProxy = 74D668B01CFC1B6700BACA60 /* PBXContainerItemProxy */;
		};
		74D668BC1CFC1B6700BACA60 /* PBXTargetDependency */ = {
			isa = PBXTargetDependency;
			target = 74D668951CFC1B6700BACA60 /* TableViewDemo */;
			targetProxy = 74D668BB1CFC1B6700BACA60 /* PBXContainerItemProxy */;
		};
/* End PBXTargetDependency section */

/* Begin PBXVariantGroup section */
		74D668A21CFC1B6700BACA60 /* Main.storyboard */ = {
			isa = PBXVariantGroup;
			children = (
				74D668A31CFC1B6700BACA60 /* Base */,
			);
			name = Main.storyboard;
			sourceTree = "<group>";
		};
		74D668A71CFC1B6700BACA60 /* LaunchScreen.storyboard */ = {
			isa = PBXVariantGroup;
			children = (
				74D668A81CFC1B6700BACA60 /* Base */,
			);
			name = LaunchScreen.storyboard;
			sourceTree = "<group>";
		};
/* End PBXVariantGroup section */

/* Begin XCBuildConfiguration section */
		74D668C11CFC1B6700BACA60 /* Debug */ = {
			isa = XCBuildConfiguration;
			buildSettings = {
				ALWAYS_SEARCH_USER_PATHS = NO;
				CLANG_ANALYZER_NONNULL = YES;
				CLANG_CXX_LANGUAGE_STANDARD = "gnu++0x";
				CLANG_CXX_LIBRARY = "libc++";
				CLANG_ENABLE_MODULES = YES;
				CLANG_ENABLE_OBJC_ARC = YES;
				CLANG_WARN_BOOL_CONVERSION = YES;
				CLANG_WARN_CONSTANT_CONVERSION = YES;
				CLANG_WARN_DIRECT_OBJC_ISA_USAGE = YES_ERROR;
				CLANG_WARN_EMPTY_BODY = YES;
				CLANG_WARN_ENUM_CONVERSION = YES;
				CLANG_WARN_INT_CONVERSION = YES;
				CLANG_WARN_OBJC_ROOT_CLASS = YES_ERROR;
				CLANG_WARN_UNREACHABLE_CODE = YES;
				CLANG_WARN__DUPLICATE_METHOD_MATCH = YES;
				"CODE_SIGN_IDENTITY[sdk=iphoneos*]" = "iPhone Developer";
				COPY_PHASE_STRIP = NO;
				DEBUG_INFORMATION_FORMAT = dwarf;
				ENABLE_STRICT_OBJC_MSGSEND = YES;
				ENABLE_TESTABILITY = YES;
				GCC_C_LANGUAGE_STANDARD = gnu99;
				GCC_DYNAMIC_NO_PIC = NO;
				GCC_NO_COMMON_BLOCKS = YES;
				GCC_OPTIMIZATION_LEVEL = 0;
				GCC_PREPROCESSOR_DEFINITIONS = (
					"DEBUG=1",
					"$(inherited)",
				);
				GCC_WARN_64_TO_32_BIT_CONVERSION = YES;
				GCC_WARN_ABOUT_RETURN_TYPE = YES_ERROR;
				GCC_WARN_UNDECLARED_SELECTOR = YES;
				GCC_WARN_UNINITIALIZED_AUTOS = YES_AGGRESSIVE;
				GCC_WARN_UNUSED_FUNCTION = YES;
				GCC_WARN_UNUSED_VARIABLE = YES;
				IPHONEOS_DEPLOYMENT_TARGET = 9.3;
				MTL_ENABLE_DEBUG_INFO = YES;
				ONLY_ACTIVE_ARCH = YES;
				SDKROOT = iphoneos;
				TARGETED_DEVICE_FAMILY = "1,2";
			};
			name = Debug;
		};
		74D668C21CFC1B6700BACA60 /* Release */ = {
			isa = XCBuildConfiguration;
			buildSettings = {
				ALWAYS_SEARCH_USER_PATHS = NO;
				CLANG_ANALYZER_NONNULL = YES;
				CLANG_CXX_LANGUAGE_STANDARD = "gnu++0x";
				CLANG_CXX_LIBRARY = "libc++";
				CLANG_ENABLE_MODULES = YES;
				CLANG_ENABLE_OBJC_ARC = YES;
				CLANG_WARN_BOOL_CONVERSION = YES;
				CLANG_WARN_CONSTANT_CONVERSION = YES;
				CLANG_WARN_DIRECT_OBJC_ISA_USAGE = YES_ERROR;
				CLANG_WARN_EMPTY_BODY = YES;
				CLANG_WARN_ENUM_CONVERSION = YES;
				CLANG_WARN_INT_CONVERSION = YES;
				CLANG_WARN_OBJC_ROOT_CLASS = YES_ERROR;
				CLANG_WARN_UNREACHABLE_CODE = YES;
				CLANG_WARN__DUPLICATE_METHOD_MATCH = YES;
				"CODE_SIGN_IDENTITY[sdk=iphoneos*]" = "iPhone Developer";
				COPY_PHASE_STRIP = NO;
				DEBUG_INFORMATION_FORMAT = "dwarf-with-dsym";
				ENABLE_NS_ASSERTIONS = NO;
				ENABLE_STRICT_OBJC_MSGSEND = YES;
				GCC_C_LANGUAGE_STANDARD = gnu99;
				GCC_NO_COMMON_BLOCKS = YES;
				GCC_WARN_64_TO_32_BIT_CONVERSION = YES;
				GCC_WARN_ABOUT_RETURN_TYPE = YES_ERROR;
				GCC_WARN_UNDECLARED_SELECTOR = YES;
				GCC_WARN_UNINITIALIZED_AUTOS = YES_AGGRESSIVE;
				GCC_WARN_UNUSED_FUNCTION = YES;
				GCC_WARN_UNUSED_VARIABLE = YES;
				IPHONEOS_DEPLOYMENT_TARGET = 9.3;
				MTL_ENABLE_DEBUG_INFO = NO;
				SDKROOT = iphoneos;
				TARGETED_DEVICE_FAMILY = "1,2";
				VALIDATE_PRODUCT = YES;
			};
			name = Release;
		};
		74D668C41CFC1B6700BACA60 /* Debug */ = {
			isa = XCBuildConfiguration;
			baseConfigurationReference = 357B16448C99B1360AD5B36E /* Pods.debug.xcconfig */;
			buildSettings = {
				ASSETCATALOG_COMPILER_APPICON_NAME = AppIcon;
				INFOPLIST_FILE = TableViewDemo/Info.plist;
				LD_RUNPATH_SEARCH_PATHS = "$(inherited) @executable_path/Frameworks";
				PRODUCT_BUNDLE_IDENTIFIER = com.ease.TableViewDemo;
				PRODUCT_NAME = "$(TARGET_NAME)";
			};
			name = Debug;
		};
		74D668C51CFC1B6700BACA60 /* Release */ = {
			isa = XCBuildConfiguration;
			baseConfigurationReference = 8FAF52F0296734F9ECC725DC /* Pods.release.xcconfig */;
			buildSettings = {
				ASSETCATALOG_COMPILER_APPICON_NAME = AppIcon;
				INFOPLIST_FILE = TableViewDemo/Info.plist;
				LD_RUNPATH_SEARCH_PATHS = "$(inherited) @executable_path/Frameworks";
				PRODUCT_BUNDLE_IDENTIFIER = com.ease.TableViewDemo;
				PRODUCT_NAME = "$(TARGET_NAME)";
			};
			name = Release;
		};
		74D668C71CFC1B6700BACA60 /* Debug */ = {
			isa = XCBuildConfiguration;
			buildSettings = {
				BUNDLE_LOADER = "$(TEST_HOST)";
				INFOPLIST_FILE = TableViewDemoTests/Info.plist;
				LD_RUNPATH_SEARCH_PATHS = "$(inherited) @executable_path/Frameworks @loader_path/Frameworks";
				PRODUCT_BUNDLE_IDENTIFIER = com.ease.TableViewDemoTests;
				PRODUCT_NAME = "$(TARGET_NAME)";
				TEST_HOST = "$(BUILT_PRODUCTS_DIR)/TableViewDemo.app/TableViewDemo";
			};
			name = Debug;
		};
		74D668C81CFC1B6700BACA60 /* Release */ = {
			isa = XCBuildConfiguration;
			buildSettings = {
				BUNDLE_LOADER = "$(TEST_HOST)";
				INFOPLIST_FILE = TableViewDemoTests/Info.plist;
				LD_RUNPATH_SEARCH_PATHS = "$(inherited) @executable_path/Frameworks @loader_path/Frameworks";
				PRODUCT_BUNDLE_IDENTIFIER = com.ease.TableViewDemoTests;
				PRODUCT_NAME = "$(TARGET_NAME)";
				TEST_HOST = "$(BUILT_PRODUCTS_DIR)/TableViewDemo.app/TableViewDemo";
			};
			name = Release;
		};
		74D668CA1CFC1B6700BACA60 /* Debug */ = {
			isa = XCBuildConfiguration;
			buildSettings = {
				INFOPLIST_FILE = TableViewDemoUITests/Info.plist;
				LD_RUNPATH_SEARCH_PATHS = "$(inherited) @executable_path/Frameworks @loader_path/Frameworks";
				PRODUCT_BUNDLE_IDENTIFIER = com.ease.TableViewDemoUITests;
				PRODUCT_NAME = "$(TARGET_NAME)";
				TEST_TARGET_NAME = TableViewDemo;
			};
			name = Debug;
		};
		74D668CB1CFC1B6700BACA60 /* Release */ = {
			isa = XCBuildConfiguration;
			buildSettings = {
				INFOPLIST_FILE = TableViewDemoUITests/Info.plist;
				LD_RUNPATH_SEARCH_PATHS = "$(inherited) @executable_path/Frameworks @loader_path/Frameworks";
				PRODUCT_BUNDLE_IDENTIFIER = com.ease.TableViewDemoUITests;
				PRODUCT_NAME = "$(TARGET_NAME)";
				TEST_TARGET_NAME = TableViewDemo;
			};
			name = Release;
		};
/* End XCBuildConfiguration section */

/* Begin XCConfigurationList section */
		74D668911CFC1B6700BACA60 /* Build configuration list for PBXProject "TableViewDemo" */ = {
			isa = XCConfigurationList;
			buildConfigurations = (
				74D668C11CFC1B6700BACA60 /* Debug */,
				74D668C21CFC1B6700BACA60 /* Release */,
			);
			defaultConfigurationIsVisible = 0;
			defaultConfigurationName = Release;
		};
		74D668C31CFC1B6700BACA60 /* Build configuration list for PBXNativeTarget "TableViewDemo" */ = {
			isa = XCConfigurationList;
			buildConfigurations = (
				74D668C41CFC1B6700BACA60 /* Debug */,
				74D668C51CFC1B6700BACA60 /* Release */,
			);
			defaultConfigurationIsVisible = 0;
			defaultConfigurationName = Release;
		};
		74D668C61CFC1B6700BACA60 /* Build configuration list for PBXNativeTarget "TableViewDemoTests" */ = {
			isa = XCConfigurationList;
			buildConfigurations = (
				74D668C71CFC1B6700BACA60 /* Debug */,
				74D668C81CFC1B6700BACA60 /* Release */,
			);
			defaultConfigurationIsVisible = 0;
			defaultConfigurationName = Release;
		};
		74D668C91CFC1B6700BACA60 /* Build configuration list for PBXNativeTarget "TableViewDemoUITests" */ = {
			isa = XCConfigurationList;
			buildConfigurations = (
				74D668CA1CFC1B6700BACA60 /* Debug */,
				74D668CB1CFC1B6700BACA60 /* Release */,
			);
			defaultConfigurationIsVisible = 0;
			defaultConfigurationName = Release;
		};
/* End XCConfigurationList section */
	};
	rootObject = 74D6688E1CFC1B6700BACA60 /* Project object */;
}
